
Microsoft Visual Studio Solution File, Format Version 12.00
# Visual Studio Version 16
VisualStudioVersion = 16.0.32228.343
MinimumVisualStudioVersion = 10.0.40219.1
Project("{FAE04EC0-301F-11D3-BF4B-00C04F79EFBC}") = "Store", "Store\Store.csproj", "{C6EE0EC4-65C3-4ECE-8CE3-7EA6A13B33EE}"
EndProject
Project("{2150E333-8FDC-42A3-9474-1A3956D46DE8}") = "Domain", "Domain", "{2F22BB11-3CA3-4D05-B91E-D308269ED74B}"
EndProject
Project("{2150E333-8FDC-42A3-9474-1A3956D46DE8}") = "Infrastructure", "Infrastructure", "{F2023F25-4A85-4C8F-BA4F-32FE103DE1DC}"
EndProject
Project("{2150E333-8FDC-42A3-9474-1A3956D46DE8}") = "Services", "Services", "{E7922A28-143A-4C2C-AFC6-F40C07A9C91A}"
EndProject
Project("{FAE04EC0-301F-11D3-BF4B-00C04F79EFBC}") = "Store.Domain.Core", "Store.Domain.Core\Store.Domain.Core.csproj", "{CEB1B69C-CDF1-4E28-A0AF-F0C98D7F5C6F}"
EndProject
Project("{FAE04EC0-301F-11D3-BF4B-00C04F79EFBC}") = "Store.Domain.Interfaces", "Store.Domain.Interfaces\Store.Domain.Interfaces.csproj", "{8B0F9E32-30C8-4508-B7FE-6068AB921564}"
EndProject
Project("{FAE04EC0-301F-11D3-BF4B-00C04F79EFBC}") = "Store.Infrastructure.Business", "Store.Infrastructure.Business\Store.Infrastructure.Business.csproj", "{6A46B585-4771-4A97-8BA7-044513A0F8FB}"
EndProject
Project("{FAE04EC0-301F-11D3-BF4B-00C04F79EFBC}") = "Store.Infrastructure.Data", "Store.Infrastructure.Data\Store.Infrastructure.Data.csproj", "{43C197F0-3047-4526-8D46-B92DD5B1E498}"
EndProject
Project("{FAE04EC0-301F-11D3-BF4B-00C04F79EFBC}") = "Store.Services.Interfaces", "Store.Services.Interfaces\Store.Services.Interfaces.csproj", "{95DA40B5-0184-42C6-9280-68B96B71EDD5}"
EndProject
Project("{FAE04EC0-301F-11D3-BF4B-00C04F79EFBC}") = "Store.Services.Contracts", "Store.Services.Contracts\Store.Services.Contracts.csproj", "{B13722DA-004E-461F-84BA-14DD9C5AFC84}"
EndProject
Project("{2150E333-8FDC-42A3-9474-1A3956D46DE8}") = "Solution Items", "Solution Items", "{205C9F8E-5862-4C64-95AB-37FC77A93A13}"
	ProjectSection(SolutionItems) = preProject
		.gitignore = .gitignore
	EndProjectSection
EndProject
Global
	GlobalSection(SolutionConfigurationPlatforms) = preSolution
		Debug|Any CPU = Debug|Any CPU
		Release|Any CPU = Release|Any CPU
	EndGlobalSection
	GlobalSection(ProjectConfigurationPlatforms) = postSolution
		{C6EE0EC4-65C3-4ECE-8CE3-7EA6A13B33EE}.Debug|Any CPU.ActiveCfg = Debug|Any CPU
		{C6EE0EC4-65C3-4ECE-8CE3-7EA6A13B33EE}.Debug|Any CPU.Build.0 = Debug|Any CPU
		{C6EE0EC4-65C3-4ECE-8CE3-7EA6A13B33EE}.Release|Any CPU.ActiveCfg = Release|Any CPU
		{C6EE0EC4-65C3-4ECE-8CE3-7EA6A13B33EE}.Release|Any CPU.Build.0 = Release|Any CPU
		{CEB1B69C-CDF1-4E28-A0AF-F0C98D7F5C6F}.Debug|Any CPU.ActiveCfg = Debug|Any CPU
		{CEB1B69C-CDF1-4E28-A0AF-F0C98D7F5C6F}.Debug|Any CPU.Build.0 = Debug|Any CPU
		{CEB1B69C-CDF1-4E28-A0AF-F0C98D7F5C6F}.Release|Any CPU.ActiveCfg = Release|Any CPU
		{CEB1B69C-CDF1-4E28-A0AF-F0C98D7F5C6F}.Release|Any CPU.Build.0 = Release|Any CPU
		{8B0F9E32-30C8-4508-B7FE-6068AB921564}.Debug|Any CPU.ActiveCfg = Debug|Any CPU
		{8B0F9E32-30C8-4508-B7FE-6068AB921564}.Debug|Any CPU.Build.0 = Debug|Any CPU
		{8B0F9E32-30C8-4508-B7FE-6068AB921564}.Release|Any CPU.ActiveCfg = Release|Any CPU
		{8B0F9E32-30C8-4508-B7FE-6068AB921564}.Release|Any CPU.Build.0 = Release|Any CPU
		{6A46B585-4771-4A97-8BA7-044513A0F8FB}.Debug|Any CPU.ActiveCfg = Debug|Any CPU
		{6A46B585-4771-4A97-8BA7-044513A0F8FB}.Debug|Any CPU.Build.0 = Debug|Any CPU
		{6A46B585-4771-4A97-8BA7-044513A0F8FB}.Release|Any CPU.ActiveCfg = Release|Any CPU
		{6A46B585-4771-4A97-8BA7-044513A0F8FB}.Release|Any CPU.Build.0 = Release|Any CPU
		{43C197F0-3047-4526-8D46-B92DD5B1E498}.Debug|Any CPU.ActiveCfg = Debug|Any CPU
		{43C197F0-3047-4526-8D46-B92DD5B1E498}.Debug|Any CPU.Build.0 = Debug|Any CPU
		{43C197F0-3047-4526-8D46-B92DD5B1E498}.Release|Any CPU.ActiveCfg = Release|Any CPU
		{43C197F0-3047-4526-8D46-B92DD5B1E498}.Release|Any CPU.Build.0 = Release|Any CPU
		{95DA40B5-0184-42C6-9280-68B96B71EDD5}.Debug|Any CPU.ActiveCfg = Debug|Any CPU
		{95DA40B5-0184-42C6-9280-68B96B71EDD5}.Debug|Any CPU.Build.0 = Debug|Any CPU
		{95DA40B5-0184-42C6-9280-68B96B71EDD5}.Release|Any CPU.ActiveCfg = Release|Any CPU
		{95DA40B5-0184-42C6-9280-68B96B71EDD5}.Release|Any CPU.Build.0 = Release|Any CPU
		{B13722DA-004E-461F-84BA-14DD9C5AFC84}.Debug|Any CPU.ActiveCfg = Debug|Any CPU
		{B13722DA-004E-461F-84BA-14DD9C5AFC84}.Debug|Any CPU.Build.0 = Debug|Any CPU
		{B13722DA-004E-461F-84BA-14DD9C5AFC84}.Release|Any CPU.ActiveCfg = Release|Any CPU
		{B13722DA-004E-461F-84BA-14DD9C5AFC84}.Release|Any CPU.Build.0 = Release|Any CPU
	EndGlobalSection
	GlobalSection(SolutionProperties) = preSolution
		HideSolutionNode = FALSE
	EndGlobalSection
	GlobalSection(NestedProjects) = preSolution
		{CEB1B69C-CDF1-4E28-A0AF-F0C98D7F5C6F} = {2F22BB11-3CA3-4D05-B91E-D308269ED74B}
		{8B0F9E32-30C8-4508-B7FE-6068AB921564} = {2F22BB11-3CA3-4D05-B91E-D308269ED74B}
		{6A46B585-4771-4A97-8BA7-044513A0F8FB} = {F2023F25-4A85-4C8F-BA4F-32FE103DE1DC}
		{43C197F0-3047-4526-8D46-B92DD5B1E498} = {F2023F25-4A85-4C8F-BA4F-32FE103DE1DC}
		{95DA40B5-0184-42C6-9280-68B96B71EDD5} = {E7922A28-143A-4C2C-AFC6-F40C07A9C91A}
		{B13722DA-004E-461F-84BA-14DD9C5AFC84} = {E7922A28-143A-4C2C-AFC6-F40C07A9C91A}
	EndGlobalSection
	GlobalSection(ExtensibilityGlobals) = postSolution
		SolutionGuid = {4AB8156D-CA39-4CBF-B789-602F1744B6CD}
	EndGlobalSection
EndGlobal
